// !$*UTF8*$!
{
	archiveVersion = 1;
	classes = {
	};
	objectVersion = 46;
	objects = {

/* Begin PBXBuildFile section */
		1720690C1E2384E5001C0AEA /* ZTWelcomeViewController.swift in Sources */ = {isa = PBXBuildFile; fileRef = 1720690B1E2384E5001C0AEA /* ZTWelcomeViewController.swift */; };
		17348E661E2464380039348D /* ZTStatusCell.swift in Sources */ = {isa = PBXBuildFile; fileRef = 17348E641E2464380039348D /* ZTStatusCell.swift */; };
		17348E671E2464380039348D /* ZTStatusCell.xib in Resources */ = {isa = PBXBuildFile; fileRef = 17348E651E2464380039348D /* ZTStatusCell.xib */; };
		17348E691E247DA20039348D /* ZTUser.swift in Sources */ = {isa = PBXBuildFile; fileRef = 17348E681E247DA20039348D /* ZTUser.swift */; };
		17348E6B1E248F6F0039348D /* ZTPicInfo.swift in Sources */ = {isa = PBXBuildFile; fileRef = 17348E6A1E248F6F0039348D /* ZTPicInfo.swift */; };
		17348E6D1E24C4220039348D /* ZTPicViewCell.swift in Sources */ = {isa = PBXBuildFile; fileRef = 17348E6C1E24C4220039348D /* ZTPicViewCell.swift */; };
		17348E6F1E24C5CB0039348D /* ZTPicCollectionView.swift in Sources */ = {isa = PBXBuildFile; fileRef = 17348E6E1E24C5CB0039348D /* ZTPicCollectionView.swift */; };
		174165561E26767D0043A1BC /* ZTRefreashControl.swift in Sources */ = {isa = PBXBuildFile; fileRef = 174165551E26767D0043A1BC /* ZTRefreashControl.swift */; };
		174463C21E23F87900F42771 /* ZTHomeCellModel.swift in Sources */ = {isa = PBXBuildFile; fileRef = 174463C11E23F87900F42771 /* ZTHomeCellModel.swift */; };
		176D09D81E23D33200DDAF4E /* ZTStatus.swift in Sources */ = {isa = PBXBuildFile; fileRef = 176D09D71E23D33200DDAF4E /* ZTStatus.swift */; };
		176D09DA1E23E67B00DDAF4E /* ZTHomeViewModel.swift in Sources */ = {isa = PBXBuildFile; fileRef = 176D09D91E23E67B00DDAF4E /* ZTHomeViewModel.swift */; };
		1780CF241E22492200030B82 /* ZTOAuthViewController.swift in Sources */ = {isa = PBXBuildFile; fileRef = 1780CF231E22492200030B82 /* ZTOAuthViewController.swift */; };
		1780CF261E225BF400030B82 /* Common.swift in Sources */ = {isa = PBXBuildFile; fileRef = 1780CF251E225BF400030B82 /* Common.swift */; };
		1780CF541E226B1100030B82 /* SVIndefiniteAnimatedView.m in Sources */ = {isa = PBXBuildFile; fileRef = 1780CF431E226B1100030B82 /* SVIndefiniteAnimatedView.m */; };
		1780CF551E226B1100030B82 /* SVProgressAnimatedView.m in Sources */ = {isa = PBXBuildFile; fileRef = 1780CF451E226B1100030B82 /* SVProgressAnimatedView.m */; };
		1780CF561E226B1100030B82 /* SVProgressHUD.m in Sources */ = {isa = PBXBuildFile; fileRef = 1780CF471E226B1100030B82 /* SVProgressHUD.m */; };
		1780CF571E226B1100030B82 /* SVRadialGradientLayer.m in Sources */ = {isa = PBXBuildFile; fileRef = 1780CF491E226B1100030B82 /* SVRadialGradientLayer.m */; };
		1780CF581E226B1100030B82 /* SVProgressHUD.bundle in Resources */ = {isa = PBXBuildFile; fileRef = 1780CF4A1E226B1100030B82 /* SVProgressHUD.bundle */; };
		1780CF591E226B1100030B82 /* Info.plist in Resources */ = {isa = PBXBuildFile; fileRef = 1780CF4C1E226B1100030B82 /* Info.plist */; };
		1780CF5A1E226B1100030B82 /* SVProgressHUD.xcconfig in Resources */ = {isa = PBXBuildFile; fileRef = 1780CF4E1E226B1100030B82 /* SVProgressHUD.xcconfig */; };
		1780CF5B1E226B1100030B82 /* SVProgressHUD-dummy.m in Sources */ = {isa = PBXBuildFile; fileRef = 1780CF4F1E226B1100030B82 /* SVProgressHUD-dummy.m */; };
		1780CF5D1E22828700030B82 /* ZTNetworkTool.swift in Sources */ = {isa = PBXBuildFile; fileRef = 1780CF5C1E22828700030B82 /* ZTNetworkTool.swift */; };
		1780CF5F1E2296AF00030B82 /* ZTUserAount.swift in Sources */ = {isa = PBXBuildFile; fileRef = 1780CF5E1E2296AF00030B82 /* ZTUserAount.swift */; };
		1791B6191E27FF0A007545E1 /* ZTComposeView.swift in Sources */ = {isa = PBXBuildFile; fileRef = 1791B6181E27FF0A007545E1 /* ZTComposeView.swift */; };
		1791B61E1E28058D007545E1 /* UIImage+ImageEffects.m in Sources */ = {isa = PBXBuildFile; fileRef = 1791B61D1E28058D007545E1 /* UIImage+ImageEffects.m */; };
		17A2B8461E22B9E400F80371 /* ZTUserAccountViewModel.swift in Sources */ = {isa = PBXBuildFile; fileRef = 17A2B8451E22B9E400F80371 /* ZTUserAccountViewModel.swift */; };
		17AA3C581E24FC1700A19E7C /* ZTRetweetedStatusCell.xib in Resources */ = {isa = PBXBuildFile; fileRef = 17AA3C571E24FC1700A19E7C /* ZTRetweetedStatusCell.xib */; };
		17C1CE3E1E1D2BB10038FF21 /* AppDelegate.swift in Sources */ = {isa = PBXBuildFile; fileRef = 17C1CE3D1E1D2BB10038FF21 /* AppDelegate.swift */; };
		17C1CE451E1D2BB10038FF21 /* Assets.xcassets in Resources */ = {isa = PBXBuildFile; fileRef = 17C1CE441E1D2BB10038FF21 /* Assets.xcassets */; };
		17C1CE641E1D34B10038FF21 /* ZTDiscoverTableViewController.swift in Sources */ = {isa = PBXBuildFile; fileRef = 17C1CE631E1D34B10038FF21 /* ZTDiscoverTableViewController.swift */; };
		17C1CE661E1D34C30038FF21 /* ZTHomeTableViewController.swift in Sources */ = {isa = PBXBuildFile; fileRef = 17C1CE651E1D34C30038FF21 /* ZTHomeTableViewController.swift */; };
		17C1CE681E1D34DF0038FF21 /* ZTTabBarController.swift in Sources */ = {isa = PBXBuildFile; fileRef = 17C1CE671E1D34DF0038FF21 /* ZTTabBarController.swift */; };
		17C1CE6A1E1D34F00038FF21 /* ZTMessageTableViewController.swift in Sources */ = {isa = PBXBuildFile; fileRef = 17C1CE691E1D34F00038FF21 /* ZTMessageTableViewController.swift */; };
		17C1CE6C1E1D35020038FF21 /* ZTProfileTableViewController.swift in Sources */ = {isa = PBXBuildFile; fileRef = 17C1CE6B1E1D35020038FF21 /* ZTProfileTableViewController.swift */; };
		17C1CE6E1E1D49B40038FF21 /* ZTTabbar.swift in Sources */ = {isa = PBXBuildFile; fileRef = 17C1CE6D1E1D49B40038FF21 /* ZTTabbar.swift */; };
		17C1CE711E1D53E20038FF21 /* ZTOtherTableViewController.swift in Sources */ = {isa = PBXBuildFile; fileRef = 17C1CE701E1D53E20038FF21 /* ZTOtherTableViewController.swift */; };
		17C1CE731E1D54A90038FF21 /* ZTBaseNavController.swift in Sources */ = {isa = PBXBuildFile; fileRef = 17C1CE721E1D54A90038FF21 /* ZTBaseNavController.swift */; };
		17C1CE761E1D558A0038FF21 /* UIBarButtonItem+Extension.swift in Sources */ = {isa = PBXBuildFile; fileRef = 17C1CE751E1D558A0038FF21 /* UIBarButtonItem+Extension.swift */; };
		17D5768F1E2CFC1D005B9D49 /* ZTPictureSelectorController.swift in Sources */ = {isa = PBXBuildFile; fileRef = 17D5768E1E2CFC1D005B9D49 /* ZTPictureSelectorController.swift */; };
		17DF199A1E1FBC4C000CCA79 /* ZTBaseTableViewController.swift in Sources */ = {isa = PBXBuildFile; fileRef = 17DF19991E1FBC4C000CCA79 /* ZTBaseTableViewController.swift */; };
		17DF199C1E1FBCBB000CCA79 /* ZTLoginView.swift in Sources */ = {isa = PBXBuildFile; fileRef = 17DF199B1E1FBCBB000CCA79 /* ZTLoginView.swift */; };
		17DF199E1E1FC214000CCA79 /* UIFactory+Extension.swift in Sources */ = {isa = PBXBuildFile; fileRef = 17DF199D1E1FC214000CCA79 /* UIFactory+Extension.swift */; };
		17E38D1D1E2A05A9009E148B /* ZTComposeButton.swift in Sources */ = {isa = PBXBuildFile; fileRef = 17E38D1C1E2A05A9009E148B /* ZTComposeButton.swift */; };
		17E38D1F1E2A1B0D009E148B /* ZTComposeViewController.swift in Sources */ = {isa = PBXBuildFile; fileRef = 17E38D1E1E2A1B0D009E148B /* ZTComposeViewController.swift */; };
		17E6B4011E2BE72F0015555D /* panci.jpg in Resources */ = {isa = PBXBuildFile; fileRef = 17E6B4001E2BE72F0015555D /* panci.jpg */; };
		C8892FA830A49D6D8E9D8D2A /* Pods_SinaWeibo.framework in Frameworks */ = {isa = PBXBuildFile; fileRef = 8E0012A349849AFA73506ABA /* Pods_SinaWeibo.framework */; };
/* End PBXBuildFile section */

/* Begin PBXFileReference section */
		1720690B1E2384E5001C0AEA /* ZTWelcomeViewController.swift */ = {isa = PBXFileReference; fileEncoding = 4; lastKnownFileType = sourcecode.swift; path = ZTWelcomeViewController.swift; sourceTree = "<group>"; };
		17348E641E2464380039348D /* ZTStatusCell.swift */ = {isa = PBXFileReference; fileEncoding = 4; lastKnownFileType = sourcecode.swift; path = ZTStatusCell.swift; sourceTree = "<group>"; };
		17348E651E2464380039348D /* ZTStatusCell.xib */ = {isa = PBXFileReference; fileEncoding = 4; lastKnownFileType = file.xib; path = ZTStatusCell.xib; sourceTree = "<group>"; };
		17348E681E247DA20039348D /* ZTUser.swift */ = {isa = PBXFileReference; fileEncoding = 4; lastKnownFileType = sourcecode.swift; path = ZTUser.swift; sourceTree = "<group>"; };
		17348E6A1E248F6F0039348D /* ZTPicInfo.swift */ = {isa = PBXFileReference; fileEncoding = 4; lastKnownFileType = sourcecode.swift; path = ZTPicInfo.swift; sourceTree = "<group>"; };
		17348E6C1E24C4220039348D /* ZTPicViewCell.swift */ = {isa = PBXFileReference; fileEncoding = 4; lastKnownFileType = sourcecode.swift; path = ZTPicViewCell.swift; sourceTree = "<group>"; };
		17348E6E1E24C5CB0039348D /* ZTPicCollectionView.swift */ = {isa = PBXFileReference; fileEncoding = 4; lastKnownFileType = sourcecode.swift; path = ZTPicCollectionView.swift; sourceTree = "<group>"; };
		174165551E26767D0043A1BC /* ZTRefreashControl.swift */ = {isa = PBXFileReference; fileEncoding = 4; lastKnownFileType = sourcecode.swift; path = ZTRefreashControl.swift; sourceTree = "<group>"; };
		174463C11E23F87900F42771 /* ZTHomeCellModel.swift */ = {isa = PBXFileReference; fileEncoding = 4; lastKnownFileType = sourcecode.swift; name = ZTHomeCellModel.swift; path = ../Model/ZTHomeCellModel.swift; sourceTree = "<group>"; };
		176D09D71E23D33200DDAF4E /* ZTStatus.swift */ = {isa = PBXFileReference; fileEncoding = 4; lastKnownFileType = sourcecode.swift; path = ZTStatus.swift; sourceTree = "<group>"; };
		176D09D91E23E67B00DDAF4E /* ZTHomeViewModel.swift */ = {isa = PBXFileReference; fileEncoding = 4; lastKnownFileType = sourcecode.swift; path = ZTHomeViewModel.swift; sourceTree = "<group>"; };
		1780CF231E22492200030B82 /* ZTOAuthViewController.swift */ = {isa = PBXFileReference; fileEncoding = 4; lastKnownFileType = sourcecode.swift; path = ZTOAuthViewController.swift; sourceTree = "<group>"; };
		1780CF251E225BF400030B82 /* Common.swift */ = {isa = PBXFileReference; fileEncoding = 4; lastKnownFileType = sourcecode.swift; path = Common.swift; sourceTree = "<group>"; };
		1780CF411E22699F00030B82 /* bridge.h */ = {isa = PBXFileReference; lastKnownFileType = sourcecode.c.h; path = bridge.h; sourceTree = "<group>"; };
		1780CF421E226B1100030B82 /* SVIndefiniteAnimatedView.h */ = {isa = PBXFileReference; fileEncoding = 4; lastKnownFileType = sourcecode.c.h; name = SVIndefiniteAnimatedView.h; path = SVProgressHUD/SVIndefiniteAnimatedView.h; sourceTree = "<group>"; };
		1780CF431E226B1100030B82 /* SVIndefiniteAnimatedView.m */ = {isa = PBXFileReference; fileEncoding = 4; lastKnownFileType = sourcecode.c.objc; name = SVIndefiniteAnimatedView.m; path = SVProgressHUD/SVIndefiniteAnimatedView.m; sourceTree = "<group>"; };
		1780CF441E226B1100030B82 /* SVProgressAnimatedView.h */ = {isa = PBXFileReference; fileEncoding = 4; lastKnownFileType = sourcecode.c.h; name = SVProgressAnimatedView.h; path = SVProgressHUD/SVProgressAnimatedView.h; sourceTree = "<group>"; };
		1780CF451E226B1100030B82 /* SVProgressAnimatedView.m */ = {isa = PBXFileReference; fileEncoding = 4; lastKnownFileType = sourcecode.c.objc; name = SVProgressAnimatedView.m; path = SVProgressHUD/SVProgressAnimatedView.m; sourceTree = "<group>"; };
		1780CF461E226B1100030B82 /* SVProgressHUD.h */ = {isa = PBXFileReference; fileEncoding = 4; lastKnownFileType = sourcecode.c.h; name = SVProgressHUD.h; path = SVProgressHUD/SVProgressHUD.h; sourceTree = "<group>"; };
		1780CF471E226B1100030B82 /* SVProgressHUD.m */ = {isa = PBXFileReference; fileEncoding = 4; lastKnownFileType = sourcecode.c.objc; name = SVProgressHUD.m; path = SVProgressHUD/SVProgressHUD.m; sourceTree = "<group>"; };
		1780CF481E226B1100030B82 /* SVRadialGradientLayer.h */ = {isa = PBXFileReference; fileEncoding = 4; lastKnownFileType = sourcecode.c.h; name = SVRadialGradientLayer.h; path = SVProgressHUD/SVRadialGradientLayer.h; sourceTree = "<group>"; };
		1780CF491E226B1100030B82 /* SVRadialGradientLayer.m */ = {isa = PBXFileReference; fileEncoding = 4; lastKnownFileType = sourcecode.c.objc; name = SVRadialGradientLayer.m; path = SVProgressHUD/SVRadialGradientLayer.m; sourceTree = "<group>"; };
		1780CF4A1E226B1100030B82 /* SVProgressHUD.bundle */ = {isa = PBXFileReference; lastKnownFileType = "wrapper.plug-in"; name = SVProgressHUD.bundle; path = SVProgressHUD/SVProgressHUD.bundle; sourceTree = "<group>"; };
		1780CF4C1E226B1100030B82 /* Info.plist */ = {isa = PBXFileReference; lastKnownFileType = text.plist; path = Info.plist; sourceTree = "<group>"; };
		1780CF4D1E226B1100030B82 /* SVProgressHUD.modulemap */ = {isa = PBXFileReference; fileEncoding = 4; lastKnownFileType = "sourcecode.module-map"; path = SVProgressHUD.modulemap; sourceTree = "<group>"; };
		1780CF4E1E226B1100030B82 /* SVProgressHUD.xcconfig */ = {isa = PBXFileReference; fileEncoding = 4; lastKnownFileType = text.xcconfig; path = SVProgressHUD.xcconfig; sourceTree = "<group>"; };
		1780CF4F1E226B1100030B82 /* SVProgressHUD-dummy.m */ = {isa = PBXFileReference; fileEncoding = 4; lastKnownFileType = sourcecode.c.objc; path = "SVProgressHUD-dummy.m"; sourceTree = "<group>"; };
		1780CF501E226B1100030B82 /* SVProgressHUD-prefix.pch */ = {isa = PBXFileReference; fileEncoding = 4; lastKnownFileType = sourcecode.c.h; path = "SVProgressHUD-prefix.pch"; sourceTree = "<group>"; };
		1780CF511E226B1100030B82 /* SVProgressHUD-umbrella.h */ = {isa = PBXFileReference; fileEncoding = 4; lastKnownFileType = sourcecode.c.h; path = "SVProgressHUD-umbrella.h"; sourceTree = "<group>"; };
		1780CF5C1E22828700030B82 /* ZTNetworkTool.swift */ = {isa = PBXFileReference; fileEncoding = 4; lastKnownFileType = sourcecode.swift; name = ZTNetworkTool.swift; path = Extension/ZTNetworkTool.swift; sourceTree = "<group>"; };
		1780CF5E1E2296AF00030B82 /* ZTUserAount.swift */ = {isa = PBXFileReference; fileEncoding = 4; lastKnownFileType = sourcecode.swift; path = ZTUserAount.swift; sourceTree = "<group>"; };
		1791B6181E27FF0A007545E1 /* ZTComposeView.swift */ = {isa = PBXFileReference; fileEncoding = 4; lastKnownFileType = sourcecode.swift; path = ZTComposeView.swift; sourceTree = "<group>"; };
		1791B61C1E28058D007545E1 /* UIImage+ImageEffects.h */ = {isa = PBXFileReference; fileEncoding = 4; lastKnownFileType = sourcecode.c.h; path = "UIImage+ImageEffects.h"; sourceTree = "<group>"; };
		1791B61D1E28058D007545E1 /* UIImage+ImageEffects.m */ = {isa = PBXFileReference; fileEncoding = 4; lastKnownFileType = sourcecode.c.objc; path = "UIImage+ImageEffects.m"; sourceTree = "<group>"; };
		17A2B8451E22B9E400F80371 /* ZTUserAccountViewModel.swift */ = {isa = PBXFileReference; fileEncoding = 4; lastKnownFileType = sourcecode.swift; path = ZTUserAccountViewModel.swift; sourceTree = "<group>"; };
		17AA3C571E24FC1700A19E7C /* ZTRetweetedStatusCell.xib */ = {isa = PBXFileReference; fileEncoding = 4; lastKnownFileType = file.xib; path = ZTRetweetedStatusCell.xib; sourceTree = "<group>"; };
		17C1CE3A1E1D2BB10038FF21 /* SinaWeibo.app */ = {isa = PBXFileReference; explicitFileType = wrapper.application; includeInIndex = 0; path = SinaWeibo.app; sourceTree = BUILT_PRODUCTS_DIR; };
		17C1CE3D1E1D2BB10038FF21 /* AppDelegate.swift */ = {isa = PBXFileReference; lastKnownFileType = sourcecode.swift; path = AppDelegate.swift; sourceTree = "<group>"; };
		17C1CE441E1D2BB10038FF21 /* Assets.xcassets */ = {isa = PBXFileReference; lastKnownFileType = folder.assetcatalog; path = Assets.xcassets; sourceTree = "<group>"; };
		17C1CE491E1D2BB10038FF21 /* Info.plist */ = {isa = PBXFileReference; lastKnownFileType = text.plist.xml; path = Info.plist; sourceTree = "<group>"; };
		17C1CE631E1D34B10038FF21 /* ZTDiscoverTableViewController.swift */ = {isa = PBXFileReference; fileEncoding = 4; lastKnownFileType = sourcecode.swift; path = ZTDiscoverTableViewController.swift; sourceTree = "<group>"; };
		17C1CE651E1D34C30038FF21 /* ZTHomeTableViewController.swift */ = {isa = PBXFileReference; fileEncoding = 4; lastKnownFileType = sourcecode.swift; path = ZTHomeTableViewController.swift; sourceTree = "<group>"; };
		17C1CE671E1D34DF0038FF21 /* ZTTabBarController.swift */ = {isa = PBXFileReference; fileEncoding = 4; lastKnownFileType = sourcecode.swift; path = ZTTabBarController.swift; sourceTree = "<group>"; };
		17C1CE691E1D34F00038FF21 /* ZTMessageTableViewController.swift */ = {isa = PBXFileReference; fileEncoding = 4; lastKnownFileType = sourcecode.swift; path = ZTMessageTableViewController.swift; sourceTree = "<group>"; };
		17C1CE6B1E1D35020038FF21 /* ZTProfileTableViewController.swift */ = {isa = PBXFileReference; fileEncoding = 4; lastKnownFileType = sourcecode.swift; path = ZTProfileTableViewController.swift; sourceTree = "<group>"; };
		17C1CE6D1E1D49B40038FF21 /* ZTTabbar.swift */ = {isa = PBXFileReference; fileEncoding = 4; lastKnownFileType = sourcecode.swift; path = ZTTabbar.swift; sourceTree = "<group>"; };
		17C1CE701E1D53E20038FF21 /* ZTOtherTableViewController.swift */ = {isa = PBXFileReference; fileEncoding = 4; lastKnownFileType = sourcecode.swift; path = ZTOtherTableViewController.swift; sourceTree = "<group>"; };
		17C1CE721E1D54A90038FF21 /* ZTBaseNavController.swift */ = {isa = PBXFileReference; fileEncoding = 4; lastKnownFileType = sourcecode.swift; path = ZTBaseNavController.swift; sourceTree = "<group>"; };
		17C1CE751E1D558A0038FF21 /* UIBarButtonItem+Extension.swift */ = {isa = PBXFileReference; fileEncoding = 4; lastKnownFileType = sourcecode.swift; path = "UIBarButtonItem+Extension.swift"; sourceTree = "<group>"; };
		17D5768E1E2CFC1D005B9D49 /* ZTPictureSelectorController.swift */ = {isa = PBXFileReference; fileEncoding = 4; lastKnownFileType = sourcecode.swift; path = ZTPictureSelectorController.swift; sourceTree = "<group>"; };
		17DF19991E1FBC4C000CCA79 /* ZTBaseTableViewController.swift */ = {isa = PBXFileReference; fileEncoding = 4; lastKnownFileType = sourcecode.swift; path = ZTBaseTableViewController.swift; sourceTree = "<group>"; };
		17DF199B1E1FBCBB000CCA79 /* ZTLoginView.swift */ = {isa = PBXFileReference; fileEncoding = 4; lastKnownFileType = sourcecode.swift; path = ZTLoginView.swift; sourceTree = "<group>"; };
		17DF199D1E1FC214000CCA79 /* UIFactory+Extension.swift */ = {isa = PBXFileReference; fileEncoding = 4; lastKnownFileType = sourcecode.swift; path = "UIFactory+Extension.swift"; sourceTree = "<group>"; };
		17E38D1C1E2A05A9009E148B /* ZTComposeButton.swift */ = {isa = PBXFileReference; fileEncoding = 4; lastKnownFileType = sourcecode.swift; path = ZTComposeButton.swift; sourceTree = "<group>"; };
		17E38D1E1E2A1B0D009E148B /* ZTComposeViewController.swift */ = {isa = PBXFileReference; fileEncoding = 4; lastKnownFileType = sourcecode.swift; path = ZTComposeViewController.swift; sourceTree = "<group>"; };
		17E6B4001E2BE72F0015555D /* panci.jpg */ = {isa = PBXFileReference; lastKnownFileType = image.jpeg; path = panci.jpg; sourceTree = "<group>"; };
		52C4682AAB715ABF44609E64 /* Pods-SinaWeibo.debug.xcconfig */ = {isa = PBXFileReference; includeInIndex = 1; lastKnownFileType = text.xcconfig; name = "Pods-SinaWeibo.debug.xcconfig"; path = "Pods/Target Support Files/Pods-SinaWeibo/Pods-SinaWeibo.debug.xcconfig"; sourceTree = "<group>"; };
		5897BE609B640D55F99D20AE /* Pods-SinaWeibo.release.xcconfig */ = {isa = PBXFileReference; includeInIndex = 1; lastKnownFileType = text.xcconfig; name = "Pods-SinaWeibo.release.xcconfig"; path = "Pods/Target Support Files/Pods-SinaWeibo/Pods-SinaWeibo.release.xcconfig"; sourceTree = "<group>"; };
		8E0012A349849AFA73506ABA /* Pods_SinaWeibo.framework */ = {isa = PBXFileReference; explicitFileType = wrapper.framework; includeInIndex = 0; path = Pods_SinaWeibo.framework; sourceTree = BUILT_PRODUCTS_DIR; };
/* End PBXFileReference section */

/* Begin PBXFrameworksBuildPhase section */
		17C1CE371E1D2BB10038FF21 /* Frameworks */ = {
			isa = PBXFrameworksBuildPhase;
			buildActionMask = 2147483647;
			files = (
				C8892FA830A49D6D8E9D8D2A /* Pods_SinaWeibo.framework in Frameworks */,
			);
			runOnlyForDeploymentPostprocessing = 0;
		};
/* End PBXFrameworksBuildPhase section */

/* Begin PBXGroup section */
		0914ED3D22A23FE9D940E97E /* Frameworks */ = {
			isa = PBXGroup;
			children = (
				8E0012A349849AFA73506ABA /* Pods_SinaWeibo.framework */,
			);
			name = Frameworks;
			sourceTree = "<group>";
		};
		1780CF221E2248CF00030B82 /* OAuth */ = {
			isa = PBXGroup;
			children = (
				1780CF231E22492200030B82 /* ZTOAuthViewController.swift */,
				1720690B1E2384E5001C0AEA /* ZTWelcomeViewController.swift */,
			);
			path = OAuth;
			sourceTree = "<group>";
		};
		1780CF4B1E226B1100030B82 /* Resources */ = {
			isa = PBXGroup;
			children = (
				1780CF4A1E226B1100030B82 /* SVProgressHUD.bundle */,
			);
			name = Resources;
			sourceTree = "<group>";
		};
		1780CF521E226B1100030B82 /* Support Files */ = {
			isa = PBXGroup;
			children = (
				1780CF4C1E226B1100030B82 /* Info.plist */,
				1780CF4D1E226B1100030B82 /* SVProgressHUD.modulemap */,
				1780CF4E1E226B1100030B82 /* SVProgressHUD.xcconfig */,
				1780CF4F1E226B1100030B82 /* SVProgressHUD-dummy.m */,
				1780CF501E226B1100030B82 /* SVProgressHUD-prefix.pch */,
				1780CF511E226B1100030B82 /* SVProgressHUD-umbrella.h */,
			);
			name = "Support Files";
			path = "../Target Support Files/SVProgressHUD";
			sourceTree = "<group>";
		};
		1780CF531E226B1100030B82 /* SVProgressHUD */ = {
			isa = PBXGroup;
			children = (
				1780CF421E226B1100030B82 /* SVIndefiniteAnimatedView.h */,
				1780CF431E226B1100030B82 /* SVIndefiniteAnimatedView.m */,
				1780CF441E226B1100030B82 /* SVProgressAnimatedView.h */,
				1780CF451E226B1100030B82 /* SVProgressAnimatedView.m */,
				1780CF461E226B1100030B82 /* SVProgressHUD.h */,
				1780CF471E226B1100030B82 /* SVProgressHUD.m */,
				1780CF481E226B1100030B82 /* SVRadialGradientLayer.h */,
				1780CF491E226B1100030B82 /* SVRadialGradientLayer.m */,
				1780CF4B1E226B1100030B82 /* Resources */,
				1780CF521E226B1100030B82 /* Support Files */,
			);
			name = SVProgressHUD;
			path = ../../../Pods/SVProgressHUD;
			sourceTree = "<group>";
		};
		1791B6151E27FEE6007545E1 /* Compose */ = {
			isa = PBXGroup;
			children = (
				1791B6161E27FEE6007545E1 /* View */,
				1791B6171E27FEE6007545E1 /* ViewController */,
			);
			path = Compose;
			sourceTree = "<group>";
		};
		1791B6161E27FEE6007545E1 /* View */ = {
			isa = PBXGroup;
			children = (
				1791B6181E27FF0A007545E1 /* ZTComposeView.swift */,
				17E38D1C1E2A05A9009E148B /* ZTComposeButton.swift */,
			);
			path = View;
			sourceTree = "<group>";
		};
		1791B6171E27FEE6007545E1 /* ViewController */ = {
			isa = PBXGroup;
			children = (
				17E38D1E1E2A1B0D009E148B /* ZTComposeViewController.swift */,
				17D5768E1E2CFC1D005B9D49 /* ZTPictureSelectorController.swift */,
			);
			path = ViewController;
			sourceTree = "<group>";
		};
		1791B61A1E280562007545E1 /* Libs */ = {
			isa = PBXGroup;
			children = (
				1791B61B1E28058D007545E1 /* UIImageEffects */,
			);
			path = Libs;
			sourceTree = "<group>";
		};
		1791B61B1E28058D007545E1 /* UIImageEffects */ = {
			isa = PBXGroup;
			children = (
				1791B61C1E28058D007545E1 /* UIImage+ImageEffects.h */,
				1791B61D1E28058D007545E1 /* UIImage+ImageEffects.m */,
			);
			path = UIImageEffects;
			sourceTree = "<group>";
		};
		17C1CE311E1D2BB10038FF21 = {
			isa = PBXGroup;
			children = (
				17C1CE3C1E1D2BB10038FF21 /* SinaWeibo */,
				17C1CE3B1E1D2BB10038FF21 /* Products */,
				A81C1325846B5A538EB26BAA /* Pods */,
				0914ED3D22A23FE9D940E97E /* Frameworks */,
			);
			sourceTree = "<group>";
		};
		17C1CE3B1E1D2BB10038FF21 /* Products */ = {
			isa = PBXGroup;
			children = (
				17C1CE3A1E1D2BB10038FF21 /* SinaWeibo.app */,
			);
			name = Products;
			sourceTree = "<group>";
		};
		17C1CE3C1E1D2BB10038FF21 /* SinaWeibo */ = {
			isa = PBXGroup;
			children = (
				17C1CE4F1E1D318C0038FF21 /* Classes */,
				17C1CE3D1E1D2BB10038FF21 /* AppDelegate.swift */,
				17C1CE441E1D2BB10038FF21 /* Assets.xcassets */,
				17C1CE491E1D2BB10038FF21 /* Info.plist */,
				1780CF411E22699F00030B82 /* bridge.h */,
				17E6B4001E2BE72F0015555D /* panci.jpg */,
			);
			path = SinaWeibo;
			sourceTree = "<group>";
		};
		17C1CE4F1E1D318C0038FF21 /* Classes */ = {
			isa = PBXGroup;
			children = (
				17C1CE6F1E1D53A20038FF21 /* Other */,
				17C1CE501E1D318C0038FF21 /* Model */,
				17C1CE511E1D318C0038FF21 /* Tools */,
				17C1CE521E1D318C0038FF21 /* View */,
				17C1CE621E1D318C0038FF21 /* ViewModel */,
			);
			path = Classes;
			sourceTree = "<group>";
		};
		17C1CE501E1D318C0038FF21 /* Model */ = {
			isa = PBXGroup;
			children = (
				1780CF5E1E2296AF00030B82 /* ZTUserAount.swift */,
				176D09D71E23D33200DDAF4E /* ZTStatus.swift */,
				17348E681E247DA20039348D /* ZTUser.swift */,
				17348E6A1E248F6F0039348D /* ZTPicInfo.swift */,
			);
			path = Model;
			sourceTree = "<group>";
		};
		17C1CE511E1D318C0038FF21 /* Tools */ = {
			isa = PBXGroup;
			children = (
				1780CF5C1E22828700030B82 /* ZTNetworkTool.swift */,
				1780CF251E225BF400030B82 /* Common.swift */,
				1791B61A1E280562007545E1 /* Libs */,
				1780CF531E226B1100030B82 /* SVProgressHUD */,
				17C1CE741E1D55370038FF21 /* Extension */,
			);
			path = Tools;
			sourceTree = "<group>";
		};
		17C1CE521E1D318C0038FF21 /* View */ = {
			isa = PBXGroup;
			children = (
				1791B6151E27FEE6007545E1 /* Compose */,
				1780CF221E2248CF00030B82 /* OAuth */,
				17C1CE591E1D318C0038FF21 /* Main */,
				17C1CE531E1D318C0038FF21 /* Discover */,
				17C1CE561E1D318C0038FF21 /* Home */,
				17C1CE5C1E1D318C0038FF21 /* Message */,
				17C1CE5F1E1D318C0038FF21 /* Profile */,
			);
			path = View;
			sourceTree = "<group>";
		};
		17C1CE531E1D318C0038FF21 /* Discover */ = {
			isa = PBXGroup;
			children = (
				17C1CE541E1D318C0038FF21 /* Controller */,
				17C1CE551E1D318C0038FF21 /* View */,
			);
			path = Discover;
			sourceTree = "<group>";
		};
		17C1CE541E1D318C0038FF21 /* Controller */ = {
			isa = PBXGroup;
			children = (
				17C1CE631E1D34B10038FF21 /* ZTDiscoverTableViewController.swift */,
			);
			path = Controller;
			sourceTree = "<group>";
		};
		17C1CE551E1D318C0038FF21 /* View */ = {
			isa = PBXGroup;
			children = (
			);
			path = View;
			sourceTree = "<group>";
		};
		17C1CE561E1D318C0038FF21 /* Home */ = {
			isa = PBXGroup;
			children = (
				17C1CE571E1D318C0038FF21 /* Controller */,
				17C1CE581E1D318C0038FF21 /* View */,
			);
			path = Home;
			sourceTree = "<group>";
		};
		17C1CE571E1D318C0038FF21 /* Controller */ = {
			isa = PBXGroup;
			children = (
				17C1CE651E1D34C30038FF21 /* ZTHomeTableViewController.swift */,
			);
			path = Controller;
			sourceTree = "<group>";
		};
		17C1CE581E1D318C0038FF21 /* View */ = {
			isa = PBXGroup;
			children = (
				17348E641E2464380039348D /* ZTStatusCell.swift */,
				17348E651E2464380039348D /* ZTStatusCell.xib */,
				17348E6C1E24C4220039348D /* ZTPicViewCell.swift */,
				17348E6E1E24C5CB0039348D /* ZTPicCollectionView.swift */,
				17AA3C571E24FC1700A19E7C /* ZTRetweetedStatusCell.xib */,
				174165551E26767D0043A1BC /* ZTRefreashControl.swift */,
			);
			path = View;
			sourceTree = "<group>";
		};
		17C1CE591E1D318C0038FF21 /* Main */ = {
			isa = PBXGroup;
			children = (
				17C1CE5A1E1D318C0038FF21 /* Controller */,
				17C1CE5B1E1D318C0038FF21 /* View */,
			);
			path = Main;
			sourceTree = "<group>";
		};
		17C1CE5A1E1D318C0038FF21 /* Controller */ = {
			isa = PBXGroup;
			children = (
				17C1CE671E1D34DF0038FF21 /* ZTTabBarController.swift */,
				17C1CE721E1D54A90038FF21 /* ZTBaseNavController.swift */,
				17DF19991E1FBC4C000CCA79 /* ZTBaseTableViewController.swift */,
			);
			path = Controller;
			sourceTree = "<group>";
		};
		17C1CE5B1E1D318C0038FF21 /* View */ = {
			isa = PBXGroup;
			children = (
				17C1CE6D1E1D49B40038FF21 /* ZTTabbar.swift */,
				17DF199B1E1FBCBB000CCA79 /* ZTLoginView.swift */,
			);
			path = View;
			sourceTree = "<group>";
		};
		17C1CE5C1E1D318C0038FF21 /* Message */ = {
			isa = PBXGroup;
			children = (
				17C1CE5D1E1D318C0038FF21 /* Controller */,
				17C1CE5E1E1D318C0038FF21 /* View */,
			);
			path = Message;
			sourceTree = "<group>";
		};
		17C1CE5D1E1D318C0038FF21 /* Controller */ = {
			isa = PBXGroup;
			children = (
				17C1CE691E1D34F00038FF21 /* ZTMessageTableViewController.swift */,
			);
			path = Controller;
			sourceTree = "<group>";
		};
		17C1CE5E1E1D318C0038FF21 /* View */ = {
			isa = PBXGroup;
			children = (
			);
			path = View;
			sourceTree = "<group>";
		};
		17C1CE5F1E1D318C0038FF21 /* Profile */ = {
			isa = PBXGroup;
			children = (
				17C1CE601E1D318C0038FF21 /* Controller */,
				17C1CE611E1D318C0038FF21 /* View */,
			);
			path = Profile;
			sourceTree = "<group>";
		};
		17C1CE601E1D318C0038FF21 /* Controller */ = {
			isa = PBXGroup;
			children = (
				17C1CE6B1E1D35020038FF21 /* ZTProfileTableViewController.swift */,
			);
			path = Controller;
			sourceTree = "<group>";
		};
		17C1CE611E1D318C0038FF21 /* View */ = {
			isa = PBXGroup;
			children = (
			);
			path = View;
			sourceTree = "<group>";
		};
		17C1CE621E1D318C0038FF21 /* ViewModel */ = {
			isa = PBXGroup;
			children = (
				17A2B8451E22B9E400F80371 /* ZTUserAccountViewModel.swift */,
				176D09D91E23E67B00DDAF4E /* ZTHomeViewModel.swift */,
				174463C11E23F87900F42771 /* ZTHomeCellModel.swift */,
			);
			path = ViewModel;
			sourceTree = "<group>";
		};
		17C1CE6F1E1D53A20038FF21 /* Other */ = {
			isa = PBXGroup;
			children = (
				17C1CE701E1D53E20038FF21 /* ZTOtherTableViewController.swift */,
			);
			path = Other;
			sourceTree = "<group>";
		};
		17C1CE741E1D55370038FF21 /* Extension */ = {
			isa = PBXGroup;
			children = (
				17C1CE751E1D558A0038FF21 /* UIBarButtonItem+Extension.swift */,
				17DF199D1E1FC214000CCA79 /* UIFactory+Extension.swift */,
			);
			path = Extension;
			sourceTree = "<group>";
		};
		A81C1325846B5A538EB26BAA /* Pods */ = {
			isa = PBXGroup;
			children = (
				52C4682AAB715ABF44609E64 /* Pods-SinaWeibo.debug.xcconfig */,
				5897BE609B640D55F99D20AE /* Pods-SinaWeibo.release.xcconfig */,
			);
			name = Pods;
			sourceTree = "<group>";
		};
/* End PBXGroup section */

/* Begin PBXNativeTarget section */
		17C1CE391E1D2BB10038FF21 /* SinaWeibo */ = {
			isa = PBXNativeTarget;
			buildConfigurationList = 17C1CE4C1E1D2BB10038FF21 /* Build configuration list for PBXNativeTarget "SinaWeibo" */;
			buildPhases = (
				657BF22C60BE9C02FA8F7F59 /* [CP] Check Pods Manifest.lock */,
				17C1CE361E1D2BB10038FF21 /* Sources */,
				17C1CE371E1D2BB10038FF21 /* Frameworks */,
				17C1CE381E1D2BB10038FF21 /* Resources */,
				5EFC27E67EA236975E0C3EE1 /* [CP] Embed Pods Frameworks */,
				2E4F44EB8A6CFC67FE984942 /* [CP] Copy Pods Resources */,
			);
			buildRules = (
			);
			dependencies = (
			);
			name = SinaWeibo;
			productName = SinaWeibo;
			productReference = 17C1CE3A1E1D2BB10038FF21 /* SinaWeibo.app */;
			productType = "com.apple.product-type.application";
		};
/* End PBXNativeTarget section */

/* Begin PBXProject section */
		17C1CE321E1D2BB10038FF21 /* Project object */ = {
			isa = PBXProject;
			attributes = {
				CLASSPREFIX = ZT;
				LastSwiftUpdateCheck = 0810;
				LastUpgradeCheck = 0810;
				ORGANIZATIONNAME = sharayuki;
				TargetAttributes = {
					17C1CE391E1D2BB10038FF21 = {
						CreatedOnToolsVersion = 8.1;
						ProvisioningStyle = Automatic;
					};
				};
			};
			buildConfigurationList = 17C1CE351E1D2BB10038FF21 /* Build configuration list for PBXProject "SinaWeibo" */;
			compatibilityVersion = "Xcode 3.2";
			developmentRegion = English;
			hasScannedForEncodings = 0;
			knownRegions = (
				en,
				Base,
			);
			mainGroup = 17C1CE311E1D2BB10038FF21;
			productRefGroup = 17C1CE3B1E1D2BB10038FF21 /* Products */;
			projectDirPath = "";
			projectRoot = "";
			targets = (
				17C1CE391E1D2BB10038FF21 /* SinaWeibo */,
			);
		};
/* End PBXProject section */

/* Begin PBXResourcesBuildPhase section */
		17C1CE381E1D2BB10038FF21 /* Resources */ = {
			isa = PBXResourcesBuildPhase;
			buildActionMask = 2147483647;
			files = (
				1780CF5A1E226B1100030B82 /* SVProgressHUD.xcconfig in Resources */,
				17348E671E2464380039348D /* ZTStatusCell.xib in Resources */,
				17C1CE451E1D2BB10038FF21 /* Assets.xcassets in Resources */,
				17E6B4011E2BE72F0015555D /* panci.jpg in Resources */,
				1780CF581E226B1100030B82 /* SVProgressHUD.bundle in Resources */,
				1780CF591E226B1100030B82 /* Info.plist in Resources */,
				17AA3C581E24FC1700A19E7C /* ZTRetweetedStatusCell.xib in Resources */,
			);
			runOnlyForDeploymentPostprocessing = 0;
		};
/* End PBXResourcesBuildPhase section */

/* Begin PBXShellScriptBuildPhase section */
		2E4F44EB8A6CFC67FE984942 /* [CP] Copy Pods Resources */ = {
			isa = PBXShellScriptBuildPhase;
			buildActionMask = 2147483647;
			files = (
			);
			inputPaths = (
			);
			name = "[CP] Copy Pods Resources";
			outputPaths = (
			);
			runOnlyForDeploymentPostprocessing = 0;
			shellPath = /bin/sh;
			shellScript = "\"${SRCROOT}/Pods/Target Support Files/Pods-SinaWeibo/Pods-SinaWeibo-resources.sh\"\n";
			showEnvVarsInLog = 0;
		};
		5EFC27E67EA236975E0C3EE1 /* [CP] Embed Pods Frameworks */ = {
			isa = PBXShellScriptBuildPhase;
			buildActionMask = 2147483647;
			files = (
			);
			inputPaths = (
			);
			name = "[CP] Embed Pods Frameworks";
			outputPaths = (
			);
			runOnlyForDeploymentPostprocessing = 0;
			shellPath = /bin/sh;
			shellScript = "\"${SRCROOT}/Pods/Target Support Files/Pods-SinaWeibo/Pods-SinaWeibo-frameworks.sh\"\n";
			showEnvVarsInLog = 0;
		};
		657BF22C60BE9C02FA8F7F59 /* [CP] Check Pods Manifest.lock */ = {
			isa = PBXShellScriptBuildPhase;
			buildActionMask = 2147483647;
			files = (
			);
			inputPaths = (
			);
			name = "[CP] Check Pods Manifest.lock";
			outputPaths = (
			);
			runOnlyForDeploymentPostprocessing = 0;
			shellPath = /bin/sh;
			shellScript = "diff \"${PODS_ROOT}/../Podfile.lock\" \"${PODS_ROOT}/Manifest.lock\" > /dev/null\nif [ $? != 0 ] ; then\n    # print error to STDERR\n    echo \"error: The sandbox is not in sync with the Podfile.lock. Run 'pod install' or update your CocoaPods installation.\" >&2\n    exit 1\nfi\n";
			showEnvVarsInLog = 0;
		};
/* End PBXShellScriptBuildPhase section */

/* Begin PBXSourcesBuildPhase section */
		17C1CE361E1D2BB10038FF21 /* Sources */ = {
			isa = PBXSourcesBuildPhase;
			buildActionMask = 2147483647;
			files = (
				1780CF261E225BF400030B82 /* Common.swift in Sources */,
				17C1CE661E1D34C30038FF21 /* ZTHomeTableViewController.swift in Sources */,
				17348E6B1E248F6F0039348D /* ZTPicInfo.swift in Sources */,
				17C1CE6A1E1D34F00038FF21 /* ZTMessageTableViewController.swift in Sources */,
				17E38D1D1E2A05A9009E148B /* ZTComposeButton.swift in Sources */,
				17C1CE761E1D558A0038FF21 /* UIBarButtonItem+Extension.swift in Sources */,
				17348E6F1E24C5CB0039348D /* ZTPicCollectionView.swift in Sources */,
				17DF199A1E1FBC4C000CCA79 /* ZTBaseTableViewController.swift in Sources */,
				1780CF551E226B1100030B82 /* SVProgressAnimatedView.m in Sources */,
				1780CF241E22492200030B82 /* ZTOAuthViewController.swift in Sources */,
				1780CF561E226B1100030B82 /* SVProgressHUD.m in Sources */,
				174165561E26767D0043A1BC /* ZTRefreashControl.swift in Sources */,
				1780CF541E226B1100030B82 /* SVIndefiniteAnimatedView.m in Sources */,
				1780CF5B1E226B1100030B82 /* SVProgressHUD-dummy.m in Sources */,
				17C1CE6C1E1D35020038FF21 /* ZTProfileTableViewController.swift in Sources */,
				17C1CE731E1D54A90038FF21 /* ZTBaseNavController.swift in Sources */,
				176D09DA1E23E67B00DDAF4E /* ZTHomeViewModel.swift in Sources */,
				1791B61E1E28058D007545E1 /* UIImage+ImageEffects.m in Sources */,
				1780CF5D1E22828700030B82 /* ZTNetworkTool.swift in Sources */,
				1791B6191E27FF0A007545E1 /* ZTComposeView.swift in Sources */,
				17DF199C1E1FBCBB000CCA79 /* ZTLoginView.swift in Sources */,
				17C1CE6E1E1D49B40038FF21 /* ZTTabbar.swift in Sources */,
				174463C21E23F87900F42771 /* ZTHomeCellModel.swift in Sources */,
				17D5768F1E2CFC1D005B9D49 /* ZTPictureSelectorController.swift in Sources */,
				17C1CE711E1D53E20038FF21 /* ZTOtherTableViewController.swift in Sources */,
				17348E6D1E24C4220039348D /* ZTPicViewCell.swift in Sources */,
				1720690C1E2384E5001C0AEA /* ZTWelcomeViewController.swift in Sources */,
				17C1CE641E1D34B10038FF21 /* ZTDiscoverTableViewController.swift in Sources */,
				17C1CE681E1D34DF0038FF21 /* ZTTabBarController.swift in Sources */,
				17E38D1F1E2A1B0D009E148B /* ZTComposeViewController.swift in Sources */,
				17DF199E1E1FC214000CCA79 /* UIFactory+Extension.swift in Sources */,
				17C1CE3E1E1D2BB10038FF21 /* AppDelegate.swift in Sources */,
				1780CF5F1E2296AF00030B82 /* ZTUserAount.swift in Sources */,
				17A2B8461E22B9E400F80371 /* ZTUserAccountViewModel.swift in Sources */,
				176D09D81E23D33200DDAF4E /* ZTStatus.swift in Sources */,
				17348E691E247DA20039348D /* ZTUser.swift in Sources */,
				17348E661E2464380039348D /* ZTStatusCell.swift in Sources */,
				1780CF571E226B1100030B82 /* SVRadialGradientLayer.m in Sources */,
			);
			runOnlyForDeploymentPostprocessing = 0;
		};
/* End PBXSourcesBuildPhase section */

/* Begin XCBuildConfiguration section */
		17C1CE4A1E1D2BB10038FF21 /* Debug */ = {
			isa = XCBuildConfiguration;
			buildSettings = {
				ALWAYS_SEARCH_USER_PATHS = NO;
				CLANG_ANALYZER_NONNULL = YES;
				CLANG_CXX_LANGUAGE_STANDARD = "gnu++0x";
				CLANG_CXX_LIBRARY = "libc++";
				CLANG_ENABLE_MODULES = YES;
				CLANG_ENABLE_OBJC_ARC = YES;
				CLANG_WARN_BOOL_CONVERSION = YES;
				CLANG_WARN_CONSTANT_CONVERSION = YES;
				CLANG_WARN_DIRECT_OBJC_ISA_USAGE = YES_ERROR;
				CLANG_WARN_DOCUMENTATION_COMMENTS = YES;
				CLANG_WARN_EMPTY_BODY = YES;
				CLANG_WARN_ENUM_CONVERSION = YES;
				CLANG_WARN_INFINITE_RECURSION = YES;
				CLANG_WARN_INT_CONVERSION = YES;
				CLANG_WARN_OBJC_ROOT_CLASS = YES_ERROR;
				CLANG_WARN_SUSPICIOUS_MOVES = YES;
				CLANG_WARN_UNREACHABLE_CODE = YES;
				CLANG_WARN__DUPLICATE_METHOD_MATCH = YES;
				"CODE_SIGN_IDENTITY[sdk=iphoneos*]" = "iPhone Developer";
				COPY_PHASE_STRIP = NO;
				DEBUG_INFORMATION_FORMAT = dwarf;
				ENABLE_STRICT_OBJC_MSGSEND = YES;
				ENABLE_TESTABILITY = YES;
				GCC_C_LANGUAGE_STANDARD = gnu99;
				GCC_DYNAMIC_NO_PIC = NO;
				GCC_NO_COMMON_BLOCKS = YES;
				GCC_OPTIMIZATION_LEVEL = 0;
				GCC_PREPROCESSOR_DEFINITIONS = (
					"DEBUG=1",
					"$(inherited)",
				);
				GCC_WARN_64_TO_32_BIT_CONVERSION = YES;
				GCC_WARN_ABOUT_RETURN_TYPE = YES_ERROR;
				GCC_WARN_UNDECLARED_SELECTOR = YES;
				GCC_WARN_UNINITIALIZED_AUTOS = YES_AGGRESSIVE;
				GCC_WARN_UNUSED_FUNCTION = YES;
				GCC_WARN_UNUSED_VARIABLE = YES;
				IPHONEOS_DEPLOYMENT_TARGET = 10.1;
				MTL_ENABLE_DEBUG_INFO = YES;
				ONLY_ACTIVE_ARCH = YES;
				SDKROOT = iphoneos;
				SWIFT_ACTIVE_COMPILATION_CONDITIONS = DEBUG;
				SWIFT_OPTIMIZATION_LEVEL = "-Onone";
			};
			name = Debug;
		};
		17C1CE4B1E1D2BB10038FF21 /* Release */ = {
			isa = XCBuildConfiguration;
			buildSettings = {
				ALWAYS_SEARCH_USER_PATHS = NO;
				CLANG_ANALYZER_NONNULL = YES;
				CLANG_CXX_LANGUAGE_STANDARD = "gnu++0x";
				CLANG_CXX_LIBRARY = "libc++";
				CLANG_ENABLE_MODULES = YES;
				CLANG_ENABLE_OBJC_ARC = YES;
				CLANG_WARN_BOOL_CONVERSION = YES;
				CLANG_WARN_CONSTANT_CONVERSION = YES;
				CLANG_WARN_DIRECT_OBJC_ISA_USAGE = YES_ERROR;
				CLANG_WARN_DOCUMENTATION_COMMENTS = YES;
				CLANG_WARN_EMPTY_BODY = YES;
				CLANG_WARN_ENUM_CONVERSION = YES;
				CLANG_WARN_INFINITE_RECURSION = YES;
				CLANG_WARN_INT_CONVERSION = YES;
				CLANG_WARN_OBJC_ROOT_CLASS = YES_ERROR;
				CLANG_WARN_SUSPICIOUS_MOVES = YES;
				CLANG_WARN_UNREACHABLE_CODE = YES;
				CLANG_WARN__DUPLICATE_METHOD_MATCH = YES;
				"CODE_SIGN_IDENTITY[sdk=iphoneos*]" = "iPhone Developer";
				COPY_PHASE_STRIP = NO;
				DEBUG_INFORMATION_FORMAT = "dwarf-with-dsym";
				ENABLE_NS_ASSERTIONS = NO;
				ENABLE_STRICT_OBJC_MSGSEND = YES;
				GCC_C_LANGUAGE_STANDARD = gnu99;
				GCC_NO_COMMON_BLOCKS = YES;
				GCC_WARN_64_TO_32_BIT_CONVERSION = YES;
				GCC_WARN_ABOUT_RETURN_TYPE = YES_ERROR;
				GCC_WARN_UNDECLARED_SELECTOR = YES;
				GCC_WARN_UNINITIALIZED_AUTOS = YES_AGGRESSIVE;
				GCC_WARN_UNUSED_FUNCTION = YES;
				GCC_WARN_UNUSED_VARIABLE = YES;
				IPHONEOS_DEPLOYMENT_TARGET = 10.1;
				MTL_ENABLE_DEBUG_INFO = NO;
				SDKROOT = iphoneos;
				SWIFT_OPTIMIZATION_LEVEL = "-Owholemodule";
				VALIDATE_PRODUCT = YES;
			};
			name = Release;
		};
		17C1CE4D1E1D2BB10038FF21 /* Debug */ = {
			isa = XCBuildConfiguration;
			baseConfigurationReference = 52C4682AAB715ABF44609E64 /* Pods-SinaWeibo.debug.xcconfig */;
			buildSettings = {
				ASSETCATALOG_COMPILER_APPICON_NAME = AppIcon;
				ASSETCATALOG_COMPILER_LAUNCHIMAGE_NAME = LaunchImage;
				INFOPLIST_FILE = SinaWeibo/Info.plist;
				IPHONEOS_DEPLOYMENT_TARGET = 10.1;
				LD_RUNPATH_SEARCH_PATHS = "$(inherited) @executable_path/Frameworks";
				PRODUCT_BUNDLE_IDENTIFIER = cn.itcast.ios.SinaWeibo;
				PRODUCT_NAME = "$(TARGET_NAME)";
				SWIFT_OBJC_BRIDGING_HEADER = /Users/sharayuki/Desktop/SinaWeibo/SinaWeibo/SinaWeibo/bridge.h;
				SWIFT_VERSION = 3.0;
			};
			name = Debug;
		};
		17C1CE4E1E1D2BB10038FF21 /* Release */ = {
			isa = XCBuildConfiguration;
			baseConfigurationReference = 5897BE609B640D55F99D20AE /* Pods-SinaWeibo.release.xcconfig */;
			buildSettings = {
				ASSETCATALOG_COMPILER_APPICON_NAME = AppIcon;
				ASSETCATALOG_COMPILER_LAUNCHIMAGE_NAME = LaunchImage;
				INFOPLIST_FILE = SinaWeibo/Info.plist;
				IPHONEOS_DEPLOYMENT_TARGET = 10.1;
				LD_RUNPATH_SEARCH_PATHS = "$(inherited) @executable_path/Frameworks";
				PRODUCT_BUNDLE_IDENTIFIER = cn.itcast.ios.SinaWeibo;
				PRODUCT_NAME = "$(TARGET_NAME)";
				SWIFT_OBJC_BRIDGING_HEADER = /Users/sharayuki/Desktop/SinaWeibo/SinaWeibo/SinaWeibo/bridge.h;
				SWIFT_VERSION = 3.0;
			};
			name = Release;
		};
/* End XCBuildConfiguration section */

/* Begin XCConfigurationList section */
		17C1CE351E1D2BB10038FF21 /* Build configuration list for PBXProject "SinaWeibo" */ = {
			isa = XCConfigurationList;
			buildConfigurations = (
				17C1CE4A1E1D2BB10038FF21 /* Debug */,
				17C1CE4B1E1D2BB10038FF21 /* Release */,
			);
			defaultConfigurationIsVisible = 0;
			defaultConfigurationName = Release;
		};
		17C1CE4C1E1D2BB10038FF21 /* Build configuration list for PBXNativeTarget "SinaWeibo" */ = {
			isa = XCConfigurationList;
			buildConfigurations = (
				17C1CE4D1E1D2BB10038FF21 /* Debug */,
				17C1CE4E1E1D2BB10038FF21 /* Release */,
			);
			defaultConfigurationIsVisible = 0;
			defaultConfigurationName = Release;
		};
/* End XCConfigurationList section */
	};
	rootObject = 17C1CE321E1D2BB10038FF21 /* Project object */;
}
