// !$*UTF8*$!
{
	archiveVersion = 1;
	classes = {
	};
	objectVersion = 46;
	objects = {

/* Begin PBXBuildFile section */
		17C1CE3E1E1D2BB10038FF21 /* AppDelegate.swift in Sources */ = {isa = PBXBuildFile; fileRef = 17C1CE3D1E1D2BB10038FF21 /* AppDelegate.swift */; };
		17C1CE451E1D2BB10038FF21 /* Assets.xcassets in Resources */ = {isa = PBXBuildFile; fileRef = 17C1CE441E1D2BB10038FF21 /* Assets.xcassets */; };
		17C1CE641E1D34B10038FF21 /* ZTDiscoverTableViewController.swift in Sources */ = {isa = PBXBuildFile; fileRef = 17C1CE631E1D34B10038FF21 /* ZTDiscoverTableViewController.swift */; };
		17C1CE661E1D34C30038FF21 /* ZTHomeTableViewController.swift in Sources */ = {isa = PBXBuildFile; fileRef = 17C1CE651E1D34C30038FF21 /* ZTHomeTableViewController.swift */; };
		17C1CE681E1D34DF0038FF21 /* ZTTabBarController.swift in Sources */ = {isa = PBXBuildFile; fileRef = 17C1CE671E1D34DF0038FF21 /* ZTTabBarController.swift */; };
		17C1CE6A1E1D34F00038FF21 /* ZTMessageTableViewController.swift in Sources */ = {isa = PBXBuildFile; fileRef = 17C1CE691E1D34F00038FF21 /* ZTMessageTableViewController.swift */; };
		17C1CE6C1E1D35020038FF21 /* ZTProfileTableViewController.swift in Sources */ = {isa = PBXBuildFile; fileRef = 17C1CE6B1E1D35020038FF21 /* ZTProfileTableViewController.swift */; };
		17C1CE6E1E1D49B40038FF21 /* ZTTabbar.swift in Sources */ = {isa = PBXBuildFile; fileRef = 17C1CE6D1E1D49B40038FF21 /* ZTTabbar.swift */; };
		17C1CE711E1D53E20038FF21 /* ZTOtherTableViewController.swift in Sources */ = {isa = PBXBuildFile; fileRef = 17C1CE701E1D53E20038FF21 /* ZTOtherTableViewController.swift */; };
		17C1CE731E1D54A90038FF21 /* ZTBaseNavController.swift in Sources */ = {isa = PBXBuildFile; fileRef = 17C1CE721E1D54A90038FF21 /* ZTBaseNavController.swift */; };
		17C1CE761E1D558A0038FF21 /* UIBarButtonItem+Extension.swift in Sources */ = {isa = PBXBuildFile; fileRef = 17C1CE751E1D558A0038FF21 /* UIBarButtonItem+Extension.swift */; };
		17DF199A1E1FBC4C000CCA79 /* ZTBaseTableViewController.swift in Sources */ = {isa = PBXBuildFile; fileRef = 17DF19991E1FBC4C000CCA79 /* ZTBaseTableViewController.swift */; };
		17DF199C1E1FBCBB000CCA79 /* ZTLoginView.swift in Sources */ = {isa = PBXBuildFile; fileRef = 17DF199B1E1FBCBB000CCA79 /* ZTLoginView.swift */; };
		17DF199E1E1FC214000CCA79 /* UILabel+Extension.swift in Sources */ = {isa = PBXBuildFile; fileRef = 17DF199D1E1FC214000CCA79 /* UILabel+Extension.swift */; };
		17DF19A01E1FC5E7000CCA79 /* UIButton+Extension.swift in Sources */ = {isa = PBXBuildFile; fileRef = 17DF199F1E1FC5E7000CCA79 /* UIButton+Extension.swift */; };
		C8892FA830A49D6D8E9D8D2A /* Pods_SinaWeibo.framework in Frameworks */ = {isa = PBXBuildFile; fileRef = 8E0012A349849AFA73506ABA /* Pods_SinaWeibo.framework */; };
/* End PBXBuildFile section */

/* Begin PBXFileReference section */
		17C1CE3A1E1D2BB10038FF21 /* SinaWeibo.app */ = {isa = PBXFileReference; explicitFileType = wrapper.application; includeInIndex = 0; path = SinaWeibo.app; sourceTree = BUILT_PRODUCTS_DIR; };
		17C1CE3D1E1D2BB10038FF21 /* AppDelegate.swift */ = {isa = PBXFileReference; lastKnownFileType = sourcecode.swift; path = AppDelegate.swift; sourceTree = "<group>"; };
		17C1CE441E1D2BB10038FF21 /* Assets.xcassets */ = {isa = PBXFileReference; lastKnownFileType = folder.assetcatalog; path = Assets.xcassets; sourceTree = "<group>"; };
		17C1CE491E1D2BB10038FF21 /* Info.plist */ = {isa = PBXFileReference; lastKnownFileType = text.plist.xml; path = Info.plist; sourceTree = "<group>"; };
		17C1CE631E1D34B10038FF21 /* ZTDiscoverTableViewController.swift */ = {isa = PBXFileReference; fileEncoding = 4; lastKnownFileType = sourcecode.swift; path = ZTDiscoverTableViewController.swift; sourceTree = "<group>"; };
		17C1CE651E1D34C30038FF21 /* ZTHomeTableViewController.swift */ = {isa = PBXFileReference; fileEncoding = 4; lastKnownFileType = sourcecode.swift; path = ZTHomeTableViewController.swift; sourceTree = "<group>"; };
		17C1CE671E1D34DF0038FF21 /* ZTTabBarController.swift */ = {isa = PBXFileReference; fileEncoding = 4; lastKnownFileType = sourcecode.swift; path = ZTTabBarController.swift; sourceTree = "<group>"; };
		17C1CE691E1D34F00038FF21 /* ZTMessageTableViewController.swift */ = {isa = PBXFileReference; fileEncoding = 4; lastKnownFileType = sourcecode.swift; path = ZTMessageTableViewController.swift; sourceTree = "<group>"; };
		17C1CE6B1E1D35020038FF21 /* ZTProfileTableViewController.swift */ = {isa = PBXFileReference; fileEncoding = 4; lastKnownFileType = sourcecode.swift; path = ZTProfileTableViewController.swift; sourceTree = "<group>"; };
		17C1CE6D1E1D49B40038FF21 /* ZTTabbar.swift */ = {isa = PBXFileReference; fileEncoding = 4; lastKnownFileType = sourcecode.swift; path = ZTTabbar.swift; sourceTree = "<group>"; };
		17C1CE701E1D53E20038FF21 /* ZTOtherTableViewController.swift */ = {isa = PBXFileReference; fileEncoding = 4; lastKnownFileType = sourcecode.swift; path = ZTOtherTableViewController.swift; sourceTree = "<group>"; };
		17C1CE721E1D54A90038FF21 /* ZTBaseNavController.swift */ = {isa = PBXFileReference; fileEncoding = 4; lastKnownFileType = sourcecode.swift; path = ZTBaseNavController.swift; sourceTree = "<group>"; };
		17C1CE751E1D558A0038FF21 /* UIBarButtonItem+Extension.swift */ = {isa = PBXFileReference; fileEncoding = 4; lastKnownFileType = sourcecode.swift; path = "UIBarButtonItem+Extension.swift"; sourceTree = "<group>"; };
		17DF19991E1FBC4C000CCA79 /* ZTBaseTableViewController.swift */ = {isa = PBXFileReference; fileEncoding = 4; lastKnownFileType = sourcecode.swift; path = ZTBaseTableViewController.swift; sourceTree = "<group>"; };
		17DF199B1E1FBCBB000CCA79 /* ZTLoginView.swift */ = {isa = PBXFileReference; fileEncoding = 4; lastKnownFileType = sourcecode.swift; path = ZTLoginView.swift; sourceTree = "<group>"; };
		17DF199D1E1FC214000CCA79 /* UILabel+Extension.swift */ = {isa = PBXFileReference; fileEncoding = 4; lastKnownFileType = sourcecode.swift; path = "UILabel+Extension.swift"; sourceTree = "<group>"; };
		17DF199F1E1FC5E7000CCA79 /* UIButton+Extension.swift */ = {isa = PBXFileReference; fileEncoding = 4; lastKnownFileType = sourcecode.swift; path = "UIButton+Extension.swift"; sourceTree = "<group>"; };
		52C4682AAB715ABF44609E64 /* Pods-SinaWeibo.debug.xcconfig */ = {isa = PBXFileReference; includeInIndex = 1; lastKnownFileType = text.xcconfig; name = "Pods-SinaWeibo.debug.xcconfig"; path = "Pods/Target Support Files/Pods-SinaWeibo/Pods-SinaWeibo.debug.xcconfig"; sourceTree = "<group>"; };
		5897BE609B640D55F99D20AE /* Pods-SinaWeibo.release.xcconfig */ = {isa = PBXFileReference; includeInIndex = 1; lastKnownFileType = text.xcconfig; name = "Pods-SinaWeibo.release.xcconfig"; path = "Pods/Target Support Files/Pods-SinaWeibo/Pods-SinaWeibo.release.xcconfig"; sourceTree = "<group>"; };
		8E0012A349849AFA73506ABA /* Pods_SinaWeibo.framework */ = {isa = PBXFileReference; explicitFileType = wrapper.framework; includeInIndex = 0; path = Pods_SinaWeibo.framework; sourceTree = BUILT_PRODUCTS_DIR; };
/* End PBXFileReference section */

/* Begin PBXFrameworksBuildPhase section */
		17C1CE371E1D2BB10038FF21 /* Frameworks */ = {
			isa = PBXFrameworksBuildPhase;
			buildActionMask = 2147483647;
			files = (
				C8892FA830A49D6D8E9D8D2A /* Pods_SinaWeibo.framework in Frameworks */,
			);
			runOnlyForDeploymentPostprocessing = 0;
		};
/* End PBXFrameworksBuildPhase section */

/* Begin PBXGroup section */
		0914ED3D22A23FE9D940E97E /* Frameworks */ = {
			isa = PBXGroup;
			children = (
				8E0012A349849AFA73506ABA /* Pods_SinaWeibo.framework */,
			);
			name = Frameworks;
			sourceTree = "<group>";
		};
		17C1CE311E1D2BB10038FF21 = {
			isa = PBXGroup;
			children = (
				17C1CE3C1E1D2BB10038FF21 /* SinaWeibo */,
				17C1CE3B1E1D2BB10038FF21 /* Products */,
				A81C1325846B5A538EB26BAA /* Pods */,
				0914ED3D22A23FE9D940E97E /* Frameworks */,
			);
			sourceTree = "<group>";
		};
		17C1CE3B1E1D2BB10038FF21 /* Products */ = {
			isa = PBXGroup;
			children = (
				17C1CE3A1E1D2BB10038FF21 /* SinaWeibo.app */,
			);
			name = Products;
			sourceTree = "<group>";
		};
		17C1CE3C1E1D2BB10038FF21 /* SinaWeibo */ = {
			isa = PBXGroup;
			children = (
				17C1CE4F1E1D318C0038FF21 /* Classes */,
				17C1CE3D1E1D2BB10038FF21 /* AppDelegate.swift */,
				17C1CE441E1D2BB10038FF21 /* Assets.xcassets */,
				17C1CE491E1D2BB10038FF21 /* Info.plist */,
			);
			path = SinaWeibo;
			sourceTree = "<group>";
		};
		17C1CE4F1E1D318C0038FF21 /* Classes */ = {
			isa = PBXGroup;
			children = (
				17C1CE6F1E1D53A20038FF21 /* Other */,
				17C1CE501E1D318C0038FF21 /* Model */,
				17C1CE511E1D318C0038FF21 /* Tools */,
				17C1CE521E1D318C0038FF21 /* View */,
				17C1CE621E1D318C0038FF21 /* ViewModel */,
			);
			path = Classes;
			sourceTree = "<group>";
		};
		17C1CE501E1D318C0038FF21 /* Model */ = {
			isa = PBXGroup;
			children = (
			);
			path = Model;
			sourceTree = "<group>";
		};
		17C1CE511E1D318C0038FF21 /* Tools */ = {
			isa = PBXGroup;
			children = (
				17C1CE741E1D55370038FF21 /* Extension */,
			);
			path = Tools;
			sourceTree = "<group>";
		};
		17C1CE521E1D318C0038FF21 /* View */ = {
			isa = PBXGroup;
			children = (
				17C1CE591E1D318C0038FF21 /* Main */,
				17C1CE531E1D318C0038FF21 /* Discover */,
				17C1CE561E1D318C0038FF21 /* Home */,
				17C1CE5C1E1D318C0038FF21 /* Message */,
				17C1CE5F1E1D318C0038FF21 /* Profile */,
			);
			path = View;
			sourceTree = "<group>";
		};
		17C1CE531E1D318C0038FF21 /* Discover */ = {
			isa = PBXGroup;
			children = (
				17C1CE541E1D318C0038FF21 /* Controller */,
				17C1CE551E1D318C0038FF21 /* View */,
			);
			path = Discover;
			sourceTree = "<group>";
		};
		17C1CE541E1D318C0038FF21 /* Controller */ = {
			isa = PBXGroup;
			children = (
				17C1CE631E1D34B10038FF21 /* ZTDiscoverTableViewController.swift */,
			);
			path = Controller;
			sourceTree = "<group>";
		};
		17C1CE551E1D318C0038FF21 /* View */ = {
			isa = PBXGroup;
			children = (
			);
			path = View;
			sourceTree = "<group>";
		};
		17C1CE561E1D318C0038FF21 /* Home */ = {
			isa = PBXGroup;
			children = (
				17C1CE571E1D318C0038FF21 /* Controller */,
				17C1CE581E1D318C0038FF21 /* View */,
			);
			path = Home;
			sourceTree = "<group>";
		};
		17C1CE571E1D318C0038FF21 /* Controller */ = {
			isa = PBXGroup;
			children = (
				17C1CE651E1D34C30038FF21 /* ZTHomeTableViewController.swift */,
			);
			path = Controller;
			sourceTree = "<group>";
		};
		17C1CE581E1D318C0038FF21 /* View */ = {
			isa = PBXGroup;
			children = (
			);
			path = View;
			sourceTree = "<group>";
		};
		17C1CE591E1D318C0038FF21 /* Main */ = {
			isa = PBXGroup;
			children = (
				17C1CE5A1E1D318C0038FF21 /* Controller */,
				17C1CE5B1E1D318C0038FF21 /* View */,
			);
			path = Main;
			sourceTree = "<group>";
		};
		17C1CE5A1E1D318C0038FF21 /* Controller */ = {
			isa = PBXGroup;
			children = (
				17C1CE671E1D34DF0038FF21 /* ZTTabBarController.swift */,
				17C1CE721E1D54A90038FF21 /* ZTBaseNavController.swift */,
				17DF19991E1FBC4C000CCA79 /* ZTBaseTableViewController.swift */,
			);
			path = Controller;
			sourceTree = "<group>";
		};
		17C1CE5B1E1D318C0038FF21 /* View */ = {
			isa = PBXGroup;
			children = (
				17C1CE6D1E1D49B40038FF21 /* ZTTabbar.swift */,
				17DF199B1E1FBCBB000CCA79 /* ZTLoginView.swift */,
			);
			path = View;
			sourceTree = "<group>";
		};
		17C1CE5C1E1D318C0038FF21 /* Message */ = {
			isa = PBXGroup;
			children = (
				17C1CE5D1E1D318C0038FF21 /* Controller */,
				17C1CE5E1E1D318C0038FF21 /* View */,
			);
			path = Message;
			sourceTree = "<group>";
		};
		17C1CE5D1E1D318C0038FF21 /* Controller */ = {
			isa = PBXGroup;
			children = (
				17C1CE691E1D34F00038FF21 /* ZTMessageTableViewController.swift */,
			);
			path = Controller;
			sourceTree = "<group>";
		};
		17C1CE5E1E1D318C0038FF21 /* View */ = {
			isa = PBXGroup;
			children = (
			);
			path = View;
			sourceTree = "<group>";
		};
		17C1CE5F1E1D318C0038FF21 /* Profile */ = {
			isa = PBXGroup;
			children = (
				17C1CE601E1D318C0038FF21 /* Controller */,
				17C1CE611E1D318C0038FF21 /* View */,
			);
			path = Profile;
			sourceTree = "<group>";
		};
		17C1CE601E1D318C0038FF21 /* Controller */ = {
			isa = PBXGroup;
			children = (
				17C1CE6B1E1D35020038FF21 /* ZTProfileTableViewController.swift */,
			);
			path = Controller;
			sourceTree = "<group>";
		};
		17C1CE611E1D318C0038FF21 /* View */ = {
			isa = PBXGroup;
			children = (
			);
			path = View;
			sourceTree = "<group>";
		};
		17C1CE621E1D318C0038FF21 /* ViewModel */ = {
			isa = PBXGroup;
			children = (
			);
			path = ViewModel;
			sourceTree = "<group>";
		};
		17C1CE6F1E1D53A20038FF21 /* Other */ = {
			isa = PBXGroup;
			children = (
				17C1CE701E1D53E20038FF21 /* ZTOtherTableViewController.swift */,
			);
			path = Other;
			sourceTree = "<group>";
		};
		17C1CE741E1D55370038FF21 /* Extension */ = {
			isa = PBXGroup;
			children = (
				17C1CE751E1D558A0038FF21 /* UIBarButtonItem+Extension.swift */,
				17DF199D1E1FC214000CCA79 /* UILabel+Extension.swift */,
				17DF199F1E1FC5E7000CCA79 /* UIButton+Extension.swift */,
			);
			path = Extension;
			sourceTree = "<group>";
		};
		A81C1325846B5A538EB26BAA /* Pods */ = {
			isa = PBXGroup;
			children = (
				52C4682AAB715ABF44609E64 /* Pods-SinaWeibo.debug.xcconfig */,
				5897BE609B640D55F99D20AE /* Pods-SinaWeibo.release.xcconfig */,
			);
			name = Pods;
			sourceTree = "<group>";
		};
/* End PBXGroup section */

/* Begin PBXNativeTarget section */
		17C1CE391E1D2BB10038FF21 /* SinaWeibo */ = {
			isa = PBXNativeTarget;
			buildConfigurationList = 17C1CE4C1E1D2BB10038FF21 /* Build configuration list for PBXNativeTarget "SinaWeibo" */;
			buildPhases = (
				657BF22C60BE9C02FA8F7F59 /* [CP] Check Pods Manifest.lock */,
				17C1CE361E1D2BB10038FF21 /* Sources */,
				17C1CE371E1D2BB10038FF21 /* Frameworks */,
				17C1CE381E1D2BB10038FF21 /* Resources */,
				5EFC27E67EA236975E0C3EE1 /* [CP] Embed Pods Frameworks */,
				2E4F44EB8A6CFC67FE984942 /* [CP] Copy Pods Resources */,
			);
			buildRules = (
			);
			dependencies = (
			);
			name = SinaWeibo;
			productName = SinaWeibo;
			productReference = 17C1CE3A1E1D2BB10038FF21 /* SinaWeibo.app */;
			productType = "com.apple.product-type.application";
		};
/* End PBXNativeTarget section */

/* Begin PBXProject section */
		17C1CE321E1D2BB10038FF21 /* Project object */ = {
			isa = PBXProject;
			attributes = {
				CLASSPREFIX = ZT;
				LastSwiftUpdateCheck = 0810;
				LastUpgradeCheck = 0810;
				ORGANIZATIONNAME = sharayuki;
				TargetAttributes = {
					17C1CE391E1D2BB10038FF21 = {
						CreatedOnToolsVersion = 8.1;
						ProvisioningStyle = Automatic;
					};
				};
			};
			buildConfigurationList = 17C1CE351E1D2BB10038FF21 /* Build configuration list for PBXProject "SinaWeibo" */;
			compatibilityVersion = "Xcode 3.2";
			developmentRegion = English;
			hasScannedForEncodings = 0;
			knownRegions = (
				en,
				Base,
			);
			mainGroup = 17C1CE311E1D2BB10038FF21;
			productRefGroup = 17C1CE3B1E1D2BB10038FF21 /* Products */;
			projectDirPath = "";
			projectRoot = "";
			targets = (
				17C1CE391E1D2BB10038FF21 /* SinaWeibo */,
			);
		};
/* End PBXProject section */

/* Begin PBXResourcesBuildPhase section */
		17C1CE381E1D2BB10038FF21 /* Resources */ = {
			isa = PBXResourcesBuildPhase;
			buildActionMask = 2147483647;
			files = (
				17C1CE451E1D2BB10038FF21 /* Assets.xcassets in Resources */,
			);
			runOnlyForDeploymentPostprocessing = 0;
		};
/* End PBXResourcesBuildPhase section */

/* Begin PBXShellScriptBuildPhase section */
		2E4F44EB8A6CFC67FE984942 /* [CP] Copy Pods Resources */ = {
			isa = PBXShellScriptBuildPhase;
			buildActionMask = 2147483647;
			files = (
			);
			inputPaths = (
			);
			name = "[CP] Copy Pods Resources";
			outputPaths = (
			);
			runOnlyForDeploymentPostprocessing = 0;
			shellPath = /bin/sh;
			shellScript = "\"${SRCROOT}/Pods/Target Support Files/Pods-SinaWeibo/Pods-SinaWeibo-resources.sh\"\n";
			showEnvVarsInLog = 0;
		};
		5EFC27E67EA236975E0C3EE1 /* [CP] Embed Pods Frameworks */ = {
			isa = PBXShellScriptBuildPhase;
			buildActionMask = 2147483647;
			files = (
			);
			inputPaths = (
			);
			name = "[CP] Embed Pods Frameworks";
			outputPaths = (
			);
			runOnlyForDeploymentPostprocessing = 0;
			shellPath = /bin/sh;
			shellScript = "\"${SRCROOT}/Pods/Target Support Files/Pods-SinaWeibo/Pods-SinaWeibo-frameworks.sh\"\n";
			showEnvVarsInLog = 0;
		};
		657BF22C60BE9C02FA8F7F59 /* [CP] Check Pods Manifest.lock */ = {
			isa = PBXShellScriptBuildPhase;
			buildActionMask = 2147483647;
			files = (
			);
			inputPaths = (
			);
			name = "[CP] Check Pods Manifest.lock";
			outputPaths = (
			);
			runOnlyForDeploymentPostprocessing = 0;
			shellPath = /bin/sh;
			shellScript = "diff \"${PODS_ROOT}/../Podfile.lock\" \"${PODS_ROOT}/Manifest.lock\" > /dev/null\nif [ $? != 0 ] ; then\n    # print error to STDERR\n    echo \"error: The sandbox is not in sync with the Podfile.lock. Run 'pod install' or update your CocoaPods installation.\" >&2\n    exit 1\nfi\n";
			showEnvVarsInLog = 0;
		};
/* End PBXShellScriptBuildPhase section */

/* Begin PBXSourcesBuildPhase section */
		17C1CE361E1D2BB10038FF21 /* Sources */ = {
			isa = PBXSourcesBuildPhase;
			buildActionMask = 2147483647;
			files = (
				17C1CE661E1D34C30038FF21 /* ZTHomeTableViewController.swift in Sources */,
				17C1CE6A1E1D34F00038FF21 /* ZTMessageTableViewController.swift in Sources */,
				17C1CE761E1D558A0038FF21 /* UIBarButtonItem+Extension.swift in Sources */,
				17DF199A1E1FBC4C000CCA79 /* ZTBaseTableViewController.swift in Sources */,
				17C1CE6C1E1D35020038FF21 /* ZTProfileTableViewController.swift in Sources */,
				17C1CE731E1D54A90038FF21 /* ZTBaseNavController.swift in Sources */,
				17DF199C1E1FBCBB000CCA79 /* ZTLoginView.swift in Sources */,
				17C1CE6E1E1D49B40038FF21 /* ZTTabbar.swift in Sources */,
				17C1CE711E1D53E20038FF21 /* ZTOtherTableViewController.swift in Sources */,
				17C1CE641E1D34B10038FF21 /* ZTDiscoverTableViewController.swift in Sources */,
				17C1CE681E1D34DF0038FF21 /* ZTTabBarController.swift in Sources */,
				17DF199E1E1FC214000CCA79 /* UILabel+Extension.swift in Sources */,
				17C1CE3E1E1D2BB10038FF21 /* AppDelegate.swift in Sources */,
				17DF19A01E1FC5E7000CCA79 /* UIButton+Extension.swift in Sources */,
			);
			runOnlyForDeploymentPostprocessing = 0;
		};
/* End PBXSourcesBuildPhase section */

/* Begin XCBuildConfiguration section */
		17C1CE4A1E1D2BB10038FF21 /* Debug */ = {
			isa = XCBuildConfiguration;
			buildSettings = {
				ALWAYS_SEARCH_USER_PATHS = NO;
				CLANG_ANALYZER_NONNULL = YES;
				CLANG_CXX_LANGUAGE_STANDARD = "gnu++0x";
				CLANG_CXX_LIBRARY = "libc++";
				CLANG_ENABLE_MODULES = YES;
				CLANG_ENABLE_OBJC_ARC = YES;
				CLANG_WARN_BOOL_CONVERSION = YES;
				CLANG_WARN_CONSTANT_CONVERSION = YES;
				CLANG_WARN_DIRECT_OBJC_ISA_USAGE = YES_ERROR;
				CLANG_WARN_DOCUMENTATION_COMMENTS = YES;
				CLANG_WARN_EMPTY_BODY = YES;
				CLANG_WARN_ENUM_CONVERSION = YES;
				CLANG_WARN_INFINITE_RECURSION = YES;
				CLANG_WARN_INT_CONVERSION = YES;
				CLANG_WARN_OBJC_ROOT_CLASS = YES_ERROR;
				CLANG_WARN_SUSPICIOUS_MOVES = YES;
				CLANG_WARN_UNREACHABLE_CODE = YES;
				CLANG_WARN__DUPLICATE_METHOD_MATCH = YES;
				"CODE_SIGN_IDENTITY[sdk=iphoneos*]" = "iPhone Developer";
				COPY_PHASE_STRIP = NO;
				DEBUG_INFORMATION_FORMAT = dwarf;
				ENABLE_STRICT_OBJC_MSGSEND = YES;
				ENABLE_TESTABILITY = YES;
				GCC_C_LANGUAGE_STANDARD = gnu99;
				GCC_DYNAMIC_NO_PIC = NO;
				GCC_NO_COMMON_BLOCKS = YES;
				GCC_OPTIMIZATION_LEVEL = 0;
				GCC_PREPROCESSOR_DEFINITIONS = (
					"DEBUG=1",
					"$(inherited)",
				);
				GCC_WARN_64_TO_32_BIT_CONVERSION = YES;
				GCC_WARN_ABOUT_RETURN_TYPE = YES_ERROR;
				GCC_WARN_UNDECLARED_SELECTOR = YES;
				GCC_WARN_UNINITIALIZED_AUTOS = YES_AGGRESSIVE;
				GCC_WARN_UNUSED_FUNCTION = YES;
				GCC_WARN_UNUSED_VARIABLE = YES;
				IPHONEOS_DEPLOYMENT_TARGET = 10.1;
				MTL_ENABLE_DEBUG_INFO = YES;
				ONLY_ACTIVE_ARCH = YES;
				SDKROOT = iphoneos;
				SWIFT_ACTIVE_COMPILATION_CONDITIONS = DEBUG;
				SWIFT_OPTIMIZATION_LEVEL = "-Onone";
			};
			name = Debug;
		};
		17C1CE4B1E1D2BB10038FF21 /* Release */ = {
			isa = XCBuildConfiguration;
			buildSettings = {
				ALWAYS_SEARCH_USER_PATHS = NO;
				CLANG_ANALYZER_NONNULL = YES;
				CLANG_CXX_LANGUAGE_STANDARD = "gnu++0x";
				CLANG_CXX_LIBRARY = "libc++";
				CLANG_ENABLE_MODULES = YES;
				CLANG_ENABLE_OBJC_ARC = YES;
				CLANG_WARN_BOOL_CONVERSION = YES;
				CLANG_WARN_CONSTANT_CONVERSION = YES;
				CLANG_WARN_DIRECT_OBJC_ISA_USAGE = YES_ERROR;
				CLANG_WARN_DOCUMENTATION_COMMENTS = YES;
				CLANG_WARN_EMPTY_BODY = YES;
				CLANG_WARN_ENUM_CONVERSION = YES;
				CLANG_WARN_INFINITE_RECURSION = YES;
				CLANG_WARN_INT_CONVERSION = YES;
				CLANG_WARN_OBJC_ROOT_CLASS = YES_ERROR;
				CLANG_WARN_SUSPICIOUS_MOVES = YES;
				CLANG_WARN_UNREACHABLE_CODE = YES;
				CLANG_WARN__DUPLICATE_METHOD_MATCH = YES;
				"CODE_SIGN_IDENTITY[sdk=iphoneos*]" = "iPhone Developer";
				COPY_PHASE_STRIP = NO;
				DEBUG_INFORMATION_FORMAT = "dwarf-with-dsym";
				ENABLE_NS_ASSERTIONS = NO;
				ENABLE_STRICT_OBJC_MSGSEND = YES;
				GCC_C_LANGUAGE_STANDARD = gnu99;
				GCC_NO_COMMON_BLOCKS = YES;
				GCC_WARN_64_TO_32_BIT_CONVERSION = YES;
				GCC_WARN_ABOUT_RETURN_TYPE = YES_ERROR;
				GCC_WARN_UNDECLARED_SELECTOR = YES;
				GCC_WARN_UNINITIALIZED_AUTOS = YES_AGGRESSIVE;
				GCC_WARN_UNUSED_FUNCTION = YES;
				GCC_WARN_UNUSED_VARIABLE = YES;
				IPHONEOS_DEPLOYMENT_TARGET = 10.1;
				MTL_ENABLE_DEBUG_INFO = NO;
				SDKROOT = iphoneos;
				SWIFT_OPTIMIZATION_LEVEL = "-Owholemodule";
				VALIDATE_PRODUCT = YES;
			};
			name = Release;
		};
		17C1CE4D1E1D2BB10038FF21 /* Debug */ = {
			isa = XCBuildConfiguration;
			baseConfigurationReference = 52C4682AAB715ABF44609E64 /* Pods-SinaWeibo.debug.xcconfig */;
			buildSettings = {
				ASSETCATALOG_COMPILER_APPICON_NAME = AppIcon;
				ASSETCATALOG_COMPILER_LAUNCHIMAGE_NAME = LaunchImage;
				INFOPLIST_FILE = SinaWeibo/Info.plist;
				LD_RUNPATH_SEARCH_PATHS = "$(inherited) @executable_path/Frameworks";
				PRODUCT_BUNDLE_IDENTIFIER = cn.itcast.ios.SinaWeibo;
				PRODUCT_NAME = "$(TARGET_NAME)";
				SWIFT_VERSION = 3.0;
			};
			name = Debug;
		};
		17C1CE4E1E1D2BB10038FF21 /* Release */ = {
			isa = XCBuildConfiguration;
			baseConfigurationReference = 5897BE609B640D55F99D20AE /* Pods-SinaWeibo.release.xcconfig */;
			buildSettings = {
				ASSETCATALOG_COMPILER_APPICON_NAME = AppIcon;
				ASSETCATALOG_COMPILER_LAUNCHIMAGE_NAME = LaunchImage;
				INFOPLIST_FILE = SinaWeibo/Info.plist;
				LD_RUNPATH_SEARCH_PATHS = "$(inherited) @executable_path/Frameworks";
				PRODUCT_BUNDLE_IDENTIFIER = cn.itcast.ios.SinaWeibo;
				PRODUCT_NAME = "$(TARGET_NAME)";
				SWIFT_VERSION = 3.0;
			};
			name = Release;
		};
/* End XCBuildConfiguration section */

/* Begin XCConfigurationList section */
		17C1CE351E1D2BB10038FF21 /* Build configuration list for PBXProject "SinaWeibo" */ = {
			isa = XCConfigurationList;
			buildConfigurations = (
				17C1CE4A1E1D2BB10038FF21 /* Debug */,
				17C1CE4B1E1D2BB10038FF21 /* Release */,
			);
			defaultConfigurationIsVisible = 0;
			defaultConfigurationName = Release;
		};
		17C1CE4C1E1D2BB10038FF21 /* Build configuration list for PBXNativeTarget "SinaWeibo" */ = {
			isa = XCConfigurationList;
			buildConfigurations = (
				17C1CE4D1E1D2BB10038FF21 /* Debug */,
				17C1CE4E1E1D2BB10038FF21 /* Release */,
			);
			defaultConfigurationIsVisible = 0;
			defaultConfigurationName = Release;
		};
/* End XCConfigurationList section */
	};
	rootObject = 17C1CE321E1D2BB10038FF21 /* Project object */;
}
